
Microsoft Visual Studio Solution File, Format Version 11.00
# Visual Basic Express 2010
Project("{F184B08F-C81C-45F6-A57F-5ABD9991F28F}") = "WindowsApplication1", "WindowsApplication1\WindowsApplication1.vbproj", "{352A8411-B644-4D57-8AFE-F4846C2E06EC}"
EndProject
Global
	GlobalSection(SolutionConfigurationPlatforms) = preSolution
		Debug|x86 = Debug|x86
		Release|x86 = Release|x86
	EndGlobalSection
	GlobalSection(ProjectConfigurationPlatforms) = postSolution
		{352A8411-B644-4D57-8AFE-F4846C2E06EC}.Debug|x86.ActiveCfg = Debug|x86
		{352A8411-B644-4D57-8AFE-F4846C2E06EC}.Debug|x86.Build.0 = Debug|x86
		{352A8411-B644-4D57-8AFE-F4846C2E06EC}.Release|x86.ActiveCfg = Release|x86
		{352A8411-B644-4D57-8AFE-F4846C2E06EC}.Release|x86.Build.0 = Release|x86
	EndGlobalSection
	GlobalSection(SolutionProperties) = preSolution
		HideSolutionNode = FALSE
	EndGlobalSection
EndGlobal
