
Microsoft Visual Studio Solution File, Format Version 11.00
# Visual Studio 2010
Project("{F184B08F-C81C-45F6-A57F-5ABD9991F28F}") = "Saved Items", "Saved Items\Saved Items.vbproj", "{176A3036-37A3-4FF0-94DB-6B3108929C44}"
EndProject
Global
	GlobalSection(SolutionConfigurationPlatforms) = preSolution
		Debug|Any CPU = Debug|Any CPU
		Release|Any CPU = Release|Any CPU
	EndGlobalSection
	GlobalSection(ProjectConfigurationPlatforms) = postSolution
		{176A3036-37A3-4FF0-94DB-6B3108929C44}.Debug|Any CPU.ActiveCfg = Debug|Any CPU
		{176A3036-37A3-4FF0-94DB-6B3108929C44}.Debug|Any CPU.Build.0 = Debug|Any CPU
		{176A3036-37A3-4FF0-94DB-6B3108929C44}.Release|Any CPU.ActiveCfg = Release|Any CPU
		{176A3036-37A3-4FF0-94DB-6B3108929C44}.Release|Any CPU.Build.0 = Release|Any CPU
	EndGlobalSection
	GlobalSection(SolutionProperties) = preSolution
		HideSolutionNode = FALSE
	EndGlobalSection
EndGlobal
